
Microsoft Visual Studio Solution File, Format Version 12.00
# Visual Studio Version 16
VisualStudioVersion = 16.0.31321.278
MinimumVisualStudioVersion = 10.0.40219.1
Project("{8BC9CEB8-8B4A-11D0-8D11-00A0C91BC942}") = "SteamTurbine", "SteamTurbine\SteamTurbine.vcxproj", "{8523382E-8CAB-46AD-BA22-CFC8CAFD267F}"
EndProject
Global
	GlobalSection(SolutionConfigurationPlatforms) = preSolution
		Debug|x64 = Debug|x64
		Debug|x86 = Debug|x86
		Release|x64 = Release|x64
		Release|x86 = Release|x86
	EndGlobalSection
	GlobalSection(ProjectConfigurationPlatforms) = postSolution
		{8523382E-8CAB-46AD-BA22-CFC8CAFD267F}.Debug|x64.ActiveCfg = Debug|x64
		{8523382E-8CAB-46AD-BA22-CFC8CAFD267F}.Debug|x64.Build.0 = Debug|x64
		{8523382E-8CAB-46AD-BA22-CFC8CAFD267F}.Debug|x86.ActiveCfg = Debug|Win32
		{8523382E-8CAB-46AD-BA22-CFC8CAFD267F}.Debug|x86.Build.0 = Debug|Win32
		{8523382E-8CAB-46AD-BA22-CFC8CAFD267F}.Release|x64.ActiveCfg = Release|x64
		{8523382E-8CAB-46AD-BA22-CFC8CAFD267F}.Release|x64.Build.0 = Release|x64
		{8523382E-8CAB-46AD-BA22-CFC8CAFD267F}.Release|x86.ActiveCfg = Release|Win32
		{8523382E-8CAB-46AD-BA22-CFC8CAFD267F}.Release|x86.Build.0 = Release|Win32
	EndGlobalSection
	GlobalSection(SolutionProperties) = preSolution
		HideSolutionNode = FALSE
	EndGlobalSection
	GlobalSection(ExtensibilityGlobals) = postSolution
		SolutionGuid = {1A86B468-3949-4EDF-98D7-410C21FAC9CB}
	EndGlobalSection
EndGlobal
